// !$*UTF8*$!
{
	archiveVersion = 1;
	classes = {
	};
	objectVersion = 77;
	objects = {

/* Begin PBXBuildFile section */
		01BF0A1AEF032A1374C50EED /* AuthManager.swift in Sources */ = {isa = PBXBuildFile; fileRef = 6E9674835B1BC54A044273F9 /* AuthManager.swift */; };
		04298AE65B3F8B4476233FAA /* SettingsView.swift in Sources */ = {isa = PBXBuildFile; fileRef = 4F57D2887C62CA2CBC03BD6A /* SettingsView.swift */; };
		0CCAFD897C331F3AE2C84C71 /* ConnectionStatePill.swift in Sources */ = {isa = PBXBuildFile; fileRef = B6012C10705883172A961164 /* ConnectionStatePill.swift */; };
		0DCAA63EDD670DD121AE5010 /* Endpoints.swift in Sources */ = {isa = PBXBuildFile; fileRef = A0599A8A278FFA787EF2E44E /* Endpoints.swift */; };
		129D248D939FA8A6CBCB9DB3 /* CacheStore.swift in Sources */ = {isa = PBXBuildFile; fileRef = 5DFD858C79D0F964BDD362EE /* CacheStore.swift */; };
		15765031E4A83C82173E16CC /* AgentLiveActivityManager.swift in Sources */ = {isa = PBXBuildFile; fileRef = 15058F191FE36ACCDE028174 /* AgentLiveActivityManager.swift */; };
		1A34F654306EC441C1AAA9B9 /* OpenClawRPC.swift in Sources */ = {isa = PBXBuildFile; fileRef = FE1BAD96BFF6F69EBF663F73 /* OpenClawRPC.swift */; };
		1C57E7F8A8ABDEAC32374CE0 /* LDSwiftEventSource in Frameworks */ = {isa = PBXBuildFile; productRef = 4592AEF52B89AD61BBB12037 /* LDSwiftEventSource */; };
		1D4184593E4325AF7263C258 /* KeychainAccess in Frameworks */ = {isa = PBXBuildFile; productRef = D7911B0FB754B6E892556FAB /* KeychainAccess */; };
		22D8B96B2D7F0BA90EC436DA /* DualAgentApp.swift in Sources */ = {isa = PBXBuildFile; fileRef = 8804B1092DEA18C84C33E65C /* DualAgentApp.swift */; };
		2AE4706BFD4B97A18BF40593 /* ComposerVoiceInputController.swift in Sources */ = {isa = PBXBuildFile; fileRef = 98B35B8E36640EC70874EE42 /* ComposerVoiceInputController.swift */; };
		2C57975B5D5542B56BF947C3 /* MarkdownUI in Frameworks */ = {isa = PBXBuildFile; productRef = 95765830AB027BDA53CE7743 /* MarkdownUI */; };
		34E9773B8F949883601797D4 /* StreamingTextPacing.swift in Sources */ = {isa = PBXBuildFile; fileRef = 16952AB4880B60A05572226F /* StreamingTextPacing.swift */; };
		3FEBC8524F080F1FC467DEDB /* DualAgentDeepLink.swift in Sources */ = {isa = PBXBuildFile; fileRef = D50C7883539840041CD0200A /* DualAgentDeepLink.swift */; };
		42AEAD7B00719D6C7F51497F /* SettingsViewModel.swift in Sources */ = {isa = PBXBuildFile; fileRef = 430085B65FAD917CE18ECC78 /* SettingsViewModel.swift */; };
		448E0D9F707783FF8379E45F /* CronsView.swift in Sources */ = {isa = PBXBuildFile; fileRef = 15288B098BA48DE6F6555A97 /* CronsView.swift */; };
		46FE70BDBF8EABFB76C39046 /* MemoryView.swift in Sources */ = {isa = PBXBuildFile; fileRef = 7551A27255DA2D449675D1FF /* MemoryView.swift */; };
		47FCB98E9BC18963EBC3151F /* OnboardingViewModel.swift in Sources */ = {isa = PBXBuildFile; fileRef = D8F81F006611F316F721B04B /* OnboardingViewModel.swift */; };
		5B54B01C9C5F861A5914EC0D /* AgentRunActivityAttributes.swift in Sources */ = {isa = PBXBuildFile; fileRef = 632020454E59EBD30F57DD2D /* AgentRunActivityAttributes.swift */; };
		6193DBEA773658A9023B8DF0 /* OnboardingView.swift in Sources */ = {isa = PBXBuildFile; fileRef = DCF2108DD1D59C9CF12AB598 /* OnboardingView.swift */; };
		62DF8C135A5C3B23951762BA /* AgentRunActivityAttributes.swift in Sources */ = {isa = PBXBuildFile; fileRef = 632020454E59EBD30F57DD2D /* AgentRunActivityAttributes.swift */; };
		636950BA9D8D5D274EC83D3B /* WSClient.swift in Sources */ = {isa = PBXBuildFile; fileRef = 99E8404CF98A0B15C4813AF2 /* WSClient.swift */; };
		65DE916E12FE6C2F98B92FE2 /* DeviceControlsView.swift in Sources */ = {isa = PBXBuildFile; fileRef = 7E0A05E69F076A0B2CD88223 /* DeviceControlsView.swift */; };
		67C0AE2C8016228EE4D0BE7A /* DualAgentLiveActivityWidget.appex in Embed Foundation Extensions */ = {isa = PBXBuildFile; fileRef = 7B5FF762880F52E2799FBE33 /* DualAgentLiveActivityWidget.appex */; settings = {ATTRIBUTES = (RemoveHeadersOnCopy, ); }; };
		725212454F2FFA03D1E7F2C4 /* OpenClawPairing.swift in Sources */ = {isa = PBXBuildFile; fileRef = B3DFF588212A336600A3478A /* OpenClawPairing.swift */; };
		76091F8131A811454677A565 /* RootView.swift in Sources */ = {isa = PBXBuildFile; fileRef = 809A6AC39940A59407A7F6B0 /* RootView.swift */; };
		7D43ACE1A6ED5BB3044DD457 /* ConnectionStatusView.swift in Sources */ = {isa = PBXBuildFile; fileRef = F00C684C3651E11CFDAFB9DE /* ConnectionStatusView.swift */; };
		7D618225D9BC90C2F65DE7E3 /* KeychainStore.swift in Sources */ = {isa = PBXBuildFile; fileRef = 1B6115D8A44FA2067D2D7F74 /* KeychainStore.swift */; };
		854FC15936CD93A469DA4669 /* SSEClient.swift in Sources */ = {isa = PBXBuildFile; fileRef = 278EEBEBA2FFCB046253C0CA /* SSEClient.swift */; };
		8C74143A204DA6D38F87398B /* UnifiedModels.swift in Sources */ = {isa = PBXBuildFile; fileRef = 47368ABDFAC1B93149465463 /* UnifiedModels.swift */; };
		9BD24E390D10DD70B7134D18 /* AgentRunLiveActivityWidget.swift in Sources */ = {isa = PBXBuildFile; fileRef = BD7BE38618FE9E4F069A7D02 /* AgentRunLiveActivityWidget.swift */; };
		A242C165A771CEFE788B33A4 /* ChatStream.swift in Sources */ = {isa = PBXBuildFile; fileRef = 17801E4D570FA67836D8C172 /* ChatStream.swift */; };
		AB6579E2E6CEAB8F63FAD788 /* OpenClawQRScannerView.swift in Sources */ = {isa = PBXBuildFile; fileRef = C20C7566C21B5105A6CAAE8F /* OpenClawQRScannerView.swift */; };
		ADF118B8C34590813D615253 /* APIClient.swift in Sources */ = {isa = PBXBuildFile; fileRef = 4FBE526D6F85968CF74F39BC /* APIClient.swift */; };
		AE0CF98B32EE2219C6268672 /* SessionListViewModel.swift in Sources */ = {isa = PBXBuildFile; fileRef = 86C2982D9680CA67E1285251 /* SessionListViewModel.swift */; };
		B3173A8F2B9D4CDB9250E907 /* Splash in Frameworks */ = {isa = PBXBuildFile; productRef = D6A87555F092CACFF5BBD0D7 /* Splash */; };
		B7881B36EEDEBC2896730158 /* Highlightr in Frameworks */ = {isa = PBXBuildFile; productRef = E206D7AF28D52A650D2318D1 /* Highlightr */; };
		B9D260F345019140E4F995DC /* ci_check.sh in Resources */ = {isa = PBXBuildFile; fileRef = 813E16215EE3BEDCAB808CDF /* ci_check.sh */; };
		C100508F5098767DE316DE28 /* ChatViewModel.swift in Sources */ = {isa = PBXBuildFile; fileRef = D907B5F470FEECCFA94A1451 /* ChatViewModel.swift */; };
		C54747E19961841EB72C43AC /* HermesBackend.swift in Sources */ = {isa = PBXBuildFile; fileRef = 19A47462C42B85CB31A641D7 /* HermesBackend.swift */; };
		C63DDB6078F5FA61FCA73CF2 /* SkillsView.swift in Sources */ = {isa = PBXBuildFile; fileRef = ABE7031EFED0798FABAC38DE /* SkillsView.swift */; };
		C6AADC4A196CEE2153F687F2 /* Theme.swift in Sources */ = {isa = PBXBuildFile; fileRef = E505EC724367793288CDEADB /* Theme.swift */; };
		C6F1ED624CD59D201B84F28D /* Haptic.swift in Sources */ = {isa = PBXBuildFile; fileRef = 0BB0AF77A59911ACEEBB0887 /* Haptic.swift */; };
		CDAE8CB9E05C2D86B89E75AB /* ChatView.swift in Sources */ = {isa = PBXBuildFile; fileRef = 57F506E2DF32CD77B91207E5 /* ChatView.swift */; };
		CF008A8E3A16EAEA1AB5B1F7 /* ConnectionState.swift in Sources */ = {isa = PBXBuildFile; fileRef = FC4BDC7DE681DD049215F89D /* ConnectionState.swift */; };
		D0EC1ED506CB711545FA9C44 /* SessionListView.swift in Sources */ = {isa = PBXBuildFile; fileRef = 2AE7D115EB6F14D66242CD24 /* SessionListView.swift */; };
		D1A5630FBE336BEC9EED7F22 /* MainTabView.swift in Sources */ = {isa = PBXBuildFile; fileRef = 518532D1750A9CDAC5C908D6 /* MainTabView.swift */; };
		D2B577578B39DB278D7B9B89 /* OpenClawPairingKeychain.swift in Sources */ = {isa = PBXBuildFile; fileRef = A29E8F91D0B3F15B65686CC2 /* OpenClawPairingKeychain.swift */; };
		DD644892E29F392866DD804F /* DeviceControlsViewModel.swift in Sources */ = {isa = PBXBuildFile; fileRef = 0B3EC3BDEC1F8DB03D5A8A4E /* DeviceControlsViewModel.swift */; };
		DDB79FB825148F37A5F9CD06 /* OpenClawBackend.swift in Sources */ = {isa = PBXBuildFile; fileRef = 2424025CAA3A20F21C03D163 /* OpenClawBackend.swift */; };
		E8B8BC38A1E04A3B596CA77C /* AppState.swift in Sources */ = {isa = PBXBuildFile; fileRef = 5C1D8ED332576FB8EAB86B41 /* AppState.swift */; };
		E8CFFF0BAC3A00D68E010236 /* AppSettings.swift in Sources */ = {isa = PBXBuildFile; fileRef = 22F13A86828E0ED59AAA6AA9 /* AppSettings.swift */; };
		F0820ACA2DC8AF6A556D13A9 /* CACHEDIR.TAG in Resources */ = {isa = PBXBuildFile; fileRef = 7B538D5C087B543CC56DBAA8 /* CACHEDIR.TAG */; };
		F70505702AED1BA587BC29AE /* Backend.swift in Sources */ = {isa = PBXBuildFile; fileRef = C598486BE77B7F7B812A54D9 /* Backend.swift */; };
		FBE3A643C61E8D722A5D91C4 /* AppConfig.swift in Sources */ = {isa = PBXBuildFile; fileRef = FCABEADDFC8E67184C3A74C5 /* AppConfig.swift */; };
/* End PBXBuildFile section */

/* Begin PBXContainerItemProxy section */
		E2B56FFDD32127A55902FBA7 /* PBXContainerItemProxy */ = {
			isa = PBXContainerItemProxy;
			containerPortal = 5686A97D03076B692B748F5E /* Project object */;
			proxyType = 1;
			remoteGlobalIDString = D9F1FF796777E008A734FF20;
			remoteInfo = DualAgentLiveActivityWidget;
		};
/* End PBXContainerItemProxy section */

/* Begin PBXCopyFilesBuildPhase section */
		FBFBF1C9B17B271B323BF679 /* Embed Foundation Extensions */ = {
			isa = PBXCopyFilesBuildPhase;
			buildActionMask = 2147483647;
			dstPath = "";
			dstSubfolderSpec = 13;
			files = (
				67C0AE2C8016228EE4D0BE7A /* DualAgentLiveActivityWidget.appex in Embed Foundation Extensions */,
			);
			name = "Embed Foundation Extensions";
			runOnlyForDeploymentPostprocessing = 0;
		};
/* End PBXCopyFilesBuildPhase section */

/* Begin PBXFileReference section */
		05A8896F7BD2B9818E1A1DA5 /* Info.plist */ = {isa = PBXFileReference; lastKnownFileType = text.plist; path = Info.plist; sourceTree = "<group>"; };
		0B3EC3BDEC1F8DB03D5A8A4E /* DeviceControlsViewModel.swift */ = {isa = PBXFileReference; lastKnownFileType = sourcecode.swift; path = DeviceControlsViewModel.swift; sourceTree = "<group>"; };
		0BB0AF77A59911ACEEBB0887 /* Haptic.swift */ = {isa = PBXFileReference; lastKnownFileType = sourcecode.swift; path = Haptic.swift; sourceTree = "<group>"; };
		15058F191FE36ACCDE028174 /* AgentLiveActivityManager.swift */ = {isa = PBXFileReference; lastKnownFileType = sourcecode.swift; path = AgentLiveActivityManager.swift; sourceTree = "<group>"; };
		15288B098BA48DE6F6555A97 /* CronsView.swift */ = {isa = PBXFileReference; lastKnownFileType = sourcecode.swift; path = CronsView.swift; sourceTree = "<group>"; };
		16952AB4880B60A05572226F /* StreamingTextPacing.swift */ = {isa = PBXFileReference; lastKnownFileType = sourcecode.swift; path = StreamingTextPacing.swift; sourceTree = "<group>"; };
		17801E4D570FA67836D8C172 /* ChatStream.swift */ = {isa = PBXFileReference; lastKnownFileType = sourcecode.swift; path = ChatStream.swift; sourceTree = "<group>"; };
		19A47462C42B85CB31A641D7 /* HermesBackend.swift */ = {isa = PBXFileReference; lastKnownFileType = sourcecode.swift; path = HermesBackend.swift; sourceTree = "<group>"; };
		1B6115D8A44FA2067D2D7F74 /* KeychainStore.swift */ = {isa = PBXFileReference; lastKnownFileType = sourcecode.swift; path = KeychainStore.swift; sourceTree = "<group>"; };
		22F13A86828E0ED59AAA6AA9 /* AppSettings.swift */ = {isa = PBXFileReference; lastKnownFileType = sourcecode.swift; path = AppSettings.swift; sourceTree = "<group>"; };
		2424025CAA3A20F21C03D163 /* OpenClawBackend.swift */ = {isa = PBXFileReference; lastKnownFileType = sourcecode.swift; path = OpenClawBackend.swift; sourceTree = "<group>"; };
		278EEBEBA2FFCB046253C0CA /* SSEClient.swift */ = {isa = PBXFileReference; lastKnownFileType = sourcecode.swift; path = SSEClient.swift; sourceTree = "<group>"; };
		2AE7D115EB6F14D66242CD24 /* SessionListView.swift */ = {isa = PBXFileReference; lastKnownFileType = sourcecode.swift; path = SessionListView.swift; sourceTree = "<group>"; };
		430085B65FAD917CE18ECC78 /* SettingsViewModel.swift */ = {isa = PBXFileReference; lastKnownFileType = sourcecode.swift; path = SettingsViewModel.swift; sourceTree = "<group>"; };
		47368ABDFAC1B93149465463 /* UnifiedModels.swift */ = {isa = PBXFileReference; lastKnownFileType = sourcecode.swift; path = UnifiedModels.swift; sourceTree = "<group>"; };
		4F57D2887C62CA2CBC03BD6A /* SettingsView.swift */ = {isa = PBXFileReference; lastKnownFileType = sourcecode.swift; path = SettingsView.swift; sourceTree = "<group>"; };
		4FBE526D6F85968CF74F39BC /* APIClient.swift */ = {isa = PBXFileReference; lastKnownFileType = sourcecode.swift; path = APIClient.swift; sourceTree = "<group>"; };
		518532D1750A9CDAC5C908D6 /* MainTabView.swift */ = {isa = PBXFileReference; lastKnownFileType = sourcecode.swift; path = MainTabView.swift; sourceTree = "<group>"; };
		57F506E2DF32CD77B91207E5 /* ChatView.swift */ = {isa = PBXFileReference; lastKnownFileType = sourcecode.swift; path = ChatView.swift; sourceTree = "<group>"; };
		5C1D8ED332576FB8EAB86B41 /* AppState.swift */ = {isa = PBXFileReference; lastKnownFileType = sourcecode.swift; path = AppState.swift; sourceTree = "<group>"; };
		5DFD858C79D0F964BDD362EE /* CacheStore.swift */ = {isa = PBXFileReference; lastKnownFileType = sourcecode.swift; path = CacheStore.swift; sourceTree = "<group>"; };
		632020454E59EBD30F57DD2D /* AgentRunActivityAttributes.swift */ = {isa = PBXFileReference; lastKnownFileType = sourcecode.swift; path = AgentRunActivityAttributes.swift; sourceTree = "<group>"; };
		6E9674835B1BC54A044273F9 /* AuthManager.swift */ = {isa = PBXFileReference; lastKnownFileType = sourcecode.swift; path = AuthManager.swift; sourceTree = "<group>"; };
		7551A27255DA2D449675D1FF /* MemoryView.swift */ = {isa = PBXFileReference; lastKnownFileType = sourcecode.swift; path = MemoryView.swift; sourceTree = "<group>"; };
		7B538D5C087B543CC56DBAA8 /* CACHEDIR.TAG */ = {isa = PBXFileReference; path = CACHEDIR.TAG; sourceTree = "<group>"; };
		7B5FF762880F52E2799FBE33 /* DualAgentLiveActivityWidget.appex */ = {isa = PBXFileReference; includeInIndex = 0; lastKnownFileType = "wrapper.app-extension"; path = DualAgentLiveActivityWidget.appex; sourceTree = BUILT_PRODUCTS_DIR; };
		7E0A05E69F076A0B2CD88223 /* DeviceControlsView.swift */ = {isa = PBXFileReference; lastKnownFileType = sourcecode.swift; path = DeviceControlsView.swift; sourceTree = "<group>"; };
		809A6AC39940A59407A7F6B0 /* RootView.swift */ = {isa = PBXFileReference; lastKnownFileType = sourcecode.swift; path = RootView.swift; sourceTree = "<group>"; };
		813E16215EE3BEDCAB808CDF /* ci_check.sh */ = {isa = PBXFileReference; lastKnownFileType = text.script.sh; path = ci_check.sh; sourceTree = "<group>"; };
		86C2982D9680CA67E1285251 /* SessionListViewModel.swift */ = {isa = PBXFileReference; lastKnownFileType = sourcecode.swift; path = SessionListViewModel.swift; sourceTree = "<group>"; };
		8804B1092DEA18C84C33E65C /* DualAgentApp.swift */ = {isa = PBXFileReference; lastKnownFileType = sourcecode.swift; path = DualAgentApp.swift; sourceTree = "<group>"; };
		98B35B8E36640EC70874EE42 /* ComposerVoiceInputController.swift */ = {isa = PBXFileReference; lastKnownFileType = sourcecode.swift; path = ComposerVoiceInputController.swift; sourceTree = "<group>"; };
		99E8404CF98A0B15C4813AF2 /* WSClient.swift */ = {isa = PBXFileReference; lastKnownFileType = sourcecode.swift; path = WSClient.swift; sourceTree = "<group>"; };
		A0599A8A278FFA787EF2E44E /* Endpoints.swift */ = {isa = PBXFileReference; lastKnownFileType = sourcecode.swift; path = Endpoints.swift; sourceTree = "<group>"; };
		A29E8F91D0B3F15B65686CC2 /* OpenClawPairingKeychain.swift */ = {isa = PBXFileReference; lastKnownFileType = sourcecode.swift; path = OpenClawPairingKeychain.swift; sourceTree = "<group>"; };
		ABE7031EFED0798FABAC38DE /* SkillsView.swift */ = {isa = PBXFileReference; lastKnownFileType = sourcecode.swift; path = SkillsView.swift; sourceTree = "<group>"; };
		B3DFF588212A336600A3478A /* OpenClawPairing.swift */ = {isa = PBXFileReference; lastKnownFileType = sourcecode.swift; path = OpenClawPairing.swift; sourceTree = "<group>"; };
		B6012C10705883172A961164 /* ConnectionStatePill.swift */ = {isa = PBXFileReference; lastKnownFileType = sourcecode.swift; path = ConnectionStatePill.swift; sourceTree = "<group>"; };
		BD7BE38618FE9E4F069A7D02 /* AgentRunLiveActivityWidget.swift */ = {isa = PBXFileReference; lastKnownFileType = sourcecode.swift; path = AgentRunLiveActivityWidget.swift; sourceTree = "<group>"; };
		C20C7566C21B5105A6CAAE8F /* OpenClawQRScannerView.swift */ = {isa = PBXFileReference; lastKnownFileType = sourcecode.swift; path = OpenClawQRScannerView.swift; sourceTree = "<group>"; };
		C598486BE77B7F7B812A54D9 /* Backend.swift */ = {isa = PBXFileReference; lastKnownFileType = sourcecode.swift; path = Backend.swift; sourceTree = "<group>"; };
		D50C7883539840041CD0200A /* DualAgentDeepLink.swift */ = {isa = PBXFileReference; lastKnownFileType = sourcecode.swift; path = DualAgentDeepLink.swift; sourceTree = "<group>"; };
		D8F81F006611F316F721B04B /* OnboardingViewModel.swift */ = {isa = PBXFileReference; lastKnownFileType = sourcecode.swift; path = OnboardingViewModel.swift; sourceTree = "<group>"; };
		D8FC923E0957592B944FD5FA /* LiveActivityWidget.entitlements */ = {isa = PBXFileReference; lastKnownFileType = text.plist.entitlements; path = LiveActivityWidget.entitlements; sourceTree = "<group>"; };
		D907B5F470FEECCFA94A1451 /* ChatViewModel.swift */ = {isa = PBXFileReference; lastKnownFileType = sourcecode.swift; path = ChatViewModel.swift; sourceTree = "<group>"; };
		DCF2108DD1D59C9CF12AB598 /* OnboardingView.swift */ = {isa = PBXFileReference; lastKnownFileType = sourcecode.swift; path = OnboardingView.swift; sourceTree = "<group>"; };
		E505EC724367793288CDEADB /* Theme.swift */ = {isa = PBXFileReference; lastKnownFileType = sourcecode.swift; path = Theme.swift; sourceTree = "<group>"; };
		E5ECD7F0E88CD7A0512E9699 /* .buildSystem_debug */ = {isa = PBXFileReference; path = .buildSystem_debug; sourceTree = "<group>"; };
		F00C684C3651E11CFDAFB9DE /* ConnectionStatusView.swift */ = {isa = PBXFileReference; lastKnownFileType = sourcecode.swift; path = ConnectionStatusView.swift; sourceTree = "<group>"; };
		FA54963C2A9EAB3A6E3B3C7E /* DualAgent.app */ = {isa = PBXFileReference; includeInIndex = 0; lastKnownFileType = wrapper.application; path = DualAgent.app; sourceTree = BUILT_PRODUCTS_DIR; };
		FC4BDC7DE681DD049215F89D /* ConnectionState.swift */ = {isa = PBXFileReference; lastKnownFileType = sourcecode.swift; path = ConnectionState.swift; sourceTree = "<group>"; };
		FCABEADDFC8E67184C3A74C5 /* AppConfig.swift */ = {isa = PBXFileReference; lastKnownFileType = sourcecode.swift; path = AppConfig.swift; sourceTree = "<group>"; };
		FCFE79DACCED64891650BE69 /* Info.plist */ = {isa = PBXFileReference; lastKnownFileType = text.plist; path = Info.plist; sourceTree = "<group>"; };
		FE1BAD96BFF6F69EBF663F73 /* OpenClawRPC.swift */ = {isa = PBXFileReference; lastKnownFileType = sourcecode.swift; path = OpenClawRPC.swift; sourceTree = "<group>"; };
/* End PBXFileReference section */

/* Begin PBXFrameworksBuildPhase section */
		D3DD7A3F768148E98CEC532F /* Frameworks */ = {
			isa = PBXFrameworksBuildPhase;
			buildActionMask = 2147483647;
			files = (
				1C57E7F8A8ABDEAC32374CE0 /* LDSwiftEventSource in Frameworks */,
				2C57975B5D5542B56BF947C3 /* MarkdownUI in Frameworks */,
				B3173A8F2B9D4CDB9250E907 /* Splash in Frameworks */,
				B7881B36EEDEBC2896730158 /* Highlightr in Frameworks */,
				1D4184593E4325AF7263C258 /* KeychainAccess in Frameworks */,
			);
			runOnlyForDeploymentPostprocessing = 0;
		};
/* End PBXFrameworksBuildPhase section */

/* Begin PBXGroup section */
		0829FF8F3EBA65C8917C4F3D /* Settings */ = {
			isa = PBXGroup;
			children = (
				F00C684C3651E11CFDAFB9DE /* ConnectionStatusView.swift */,
				4F57D2887C62CA2CBC03BD6A /* SettingsView.swift */,
				430085B65FAD917CE18ECC78 /* SettingsViewModel.swift */,
			);
			path = Settings;
			sourceTree = "<group>";
		};
		09AE5E129565AF46DEFF31FF /* Onboarding */ = {
			isa = PBXGroup;
			children = (
				DCF2108DD1D59C9CF12AB598 /* OnboardingView.swift */,
				D8F81F006611F316F721B04B /* OnboardingViewModel.swift */,
				C20C7566C21B5105A6CAAE8F /* OpenClawQRScannerView.swift */,
			);
			path = Onboarding;
			sourceTree = "<group>";
		};
		2A3F65D287259E5BA0E6EEBA /* DualAgentLiveActivityWidget */ = {
			isa = PBXGroup;
			children = (
				BD7BE38618FE9E4F069A7D02 /* AgentRunLiveActivityWidget.swift */,
				FCFE79DACCED64891650BE69 /* Info.plist */,
				D8FC923E0957592B944FD5FA /* LiveActivityWidget.entitlements */,
			);
			path = DualAgentLiveActivityWidget;
			sourceTree = "<group>";
		};
		2D77362AE83697212DCECC01 /* Skills */ = {
			isa = PBXGroup;
			children = (
				ABE7031EFED0798FABAC38DE /* SkillsView.swift */,
			);
			path = Skills;
			sourceTree = "<group>";
		};
		2DF8A0B32560B1A9DFB26BC3 /* Resources */ = {
			isa = PBXGroup;
			children = (
				05A8896F7BD2B9818E1A1DA5 /* Info.plist */,
			);
			path = Resources;
			sourceTree = "<group>";
		};
		4D12BF1B008659F5DDBC417D /* LiveActivities */ = {
			isa = PBXGroup;
			children = (
				15058F191FE36ACCDE028174 /* AgentLiveActivityManager.swift */,
				632020454E59EBD30F57DD2D /* AgentRunActivityAttributes.swift */,
			);
			path = LiveActivities;
			sourceTree = "<group>";
		};
		6372DFB99F5499D98B5505C9 /* Models */ = {
			isa = PBXGroup;
			children = (
				47368ABDFAC1B93149465463 /* UnifiedModels.swift */,
			);
			path = Models;
			sourceTree = "<group>";
		};
		7134256047F74F2F110F0519 /* Device */ = {
			isa = PBXGroup;
			children = (
				7E0A05E69F076A0B2CD88223 /* DeviceControlsView.swift */,
				0B3EC3BDEC1F8DB03D5A8A4E /* DeviceControlsViewModel.swift */,
			);
			path = Device;
			sourceTree = "<group>";
		};
		78B6FCECEC5AD79F14A105A9 /* Feedback */ = {
			isa = PBXGroup;
			children = (
				FC4BDC7DE681DD049215F89D /* ConnectionState.swift */,
				B6012C10705883172A961164 /* ConnectionStatePill.swift */,
				0BB0AF77A59911ACEEBB0887 /* Haptic.swift */,
			);
			path = Feedback;
			sourceTree = "<group>";
		};
		7C71EDB36EF4A2C5CA06FAAD /* Networking */ = {
			isa = PBXGroup;
			children = (
				4FBE526D6F85968CF74F39BC /* APIClient.swift */,
				C598486BE77B7F7B812A54D9 /* Backend.swift */,
				17801E4D570FA67836D8C172 /* ChatStream.swift */,
				D50C7883539840041CD0200A /* DualAgentDeepLink.swift */,
				A0599A8A278FFA787EF2E44E /* Endpoints.swift */,
				19A47462C42B85CB31A641D7 /* HermesBackend.swift */,
				2424025CAA3A20F21C03D163 /* OpenClawBackend.swift */,
				B3DFF588212A336600A3478A /* OpenClawPairing.swift */,
				A29E8F91D0B3F15B65686CC2 /* OpenClawPairingKeychain.swift */,
				FE1BAD96BFF6F69EBF663F73 /* OpenClawRPC.swift */,
				278EEBEBA2FFCB046253C0CA /* SSEClient.swift */,
				99E8404CF98A0B15C4813AF2 /* WSClient.swift */,
			);
			path = Networking;
			sourceTree = "<group>";
		};
		8C4D4BB271057A542364760E /* Persistence */ = {
			isa = PBXGroup;
			children = (
				5DFD858C79D0F964BDD362EE /* CacheStore.swift */,
			);
			path = Persistence;
			sourceTree = "<group>";
		};
		8E383BB7FFD65A89587AAA0D /* DualAgent */ = {
			isa = PBXGroup;
			children = (
				22F13A86828E0ED59AAA6AA9 /* AppSettings.swift */,
				5C1D8ED332576FB8EAB86B41 /* AppState.swift */,
				6E9674835B1BC54A044273F9 /* AuthManager.swift */,
				8804B1092DEA18C84C33E65C /* DualAgentApp.swift */,
				809A6AC39940A59407A7F6B0 /* RootView.swift */,
				E505EC724367793288CDEADB /* Theme.swift */,
				E8D6CC2955D84D93DDDC189D /* .build */,
				A9C3554CA7078228C8D790AF /* Auth */,
				F55BE17419474FE87B87C237 /* Config */,
				F8B33C3CE5ACE6847269D597 /* Features */,
				78B6FCECEC5AD79F14A105A9 /* Feedback */,
				4D12BF1B008659F5DDBC417D /* LiveActivities */,
				6372DFB99F5499D98B5505C9 /* Models */,
				7C71EDB36EF4A2C5CA06FAAD /* Networking */,
				8C4D4BB271057A542364760E /* Persistence */,
				2DF8A0B32560B1A9DFB26BC3 /* Resources */,
				EB69E99B6064381257D9ED7D /* scripts */,
			);
			path = DualAgent;
			sourceTree = "<group>";
		};
		98D21EB405DB10418BE47B9A = {
			isa = PBXGroup;
			children = (
				8E383BB7FFD65A89587AAA0D /* DualAgent */,
				2A3F65D287259E5BA0E6EEBA /* DualAgentLiveActivityWidget */,
				AAD66F916735B92C64CBBD02 /* Products */,
			);
			sourceTree = "<group>";
		};
		A9C3554CA7078228C8D790AF /* Auth */ = {
			isa = PBXGroup;
			children = (
				1B6115D8A44FA2067D2D7F74 /* KeychainStore.swift */,
			);
			path = Auth;
			sourceTree = "<group>";
		};
		AAD66F916735B92C64CBBD02 /* Products */ = {
			isa = PBXGroup;
			children = (
				FA54963C2A9EAB3A6E3B3C7E /* DualAgent.app */,
				7B5FF762880F52E2799FBE33 /* DualAgentLiveActivityWidget.appex */,
			);
			name = Products;
			sourceTree = "<group>";
		};
		B4B90710A0DA9354E3999980 /* Memory */ = {
			isa = PBXGroup;
			children = (
				7551A27255DA2D449675D1FF /* MemoryView.swift */,
			);
			path = Memory;
			sourceTree = "<group>";
		};
		BC3F6CEA4A66393C70D55BA9 /* Chat */ = {
			isa = PBXGroup;
			children = (
				57F506E2DF32CD77B91207E5 /* ChatView.swift */,
				D907B5F470FEECCFA94A1451 /* ChatViewModel.swift */,
				98B35B8E36640EC70874EE42 /* ComposerVoiceInputController.swift */,
				16952AB4880B60A05572226F /* StreamingTextPacing.swift */,
			);
			path = Chat;
			sourceTree = "<group>";
		};
		C6AE000FBEBA04AD42B0AFF0 /* Crons */ = {
			isa = PBXGroup;
			children = (
				15288B098BA48DE6F6555A97 /* CronsView.swift */,
			);
			path = Crons;
			sourceTree = "<group>";
		};
		DB47D162E581F9BF0AB1C1A0 /* SessionList */ = {
			isa = PBXGroup;
			children = (
				2AE7D115EB6F14D66242CD24 /* SessionListView.swift */,
				86C2982D9680CA67E1285251 /* SessionListViewModel.swift */,
			);
			path = SessionList;
			sourceTree = "<group>";
		};
		E8D6CC2955D84D93DDDC189D /* .build */ = {
			isa = PBXGroup;
			children = (
				E5ECD7F0E88CD7A0512E9699 /* .buildSystem_debug */,
				7B538D5C087B543CC56DBAA8 /* CACHEDIR.TAG */,
			);
			path = .build;
			sourceTree = "<group>";
		};
		EB69E99B6064381257D9ED7D /* scripts */ = {
			isa = PBXGroup;
			children = (
				813E16215EE3BEDCAB808CDF /* ci_check.sh */,
			);
			path = scripts;
			sourceTree = "<group>";
		};
		F55BE17419474FE87B87C237 /* Config */ = {
			isa = PBXGroup;
			children = (
				FCABEADDFC8E67184C3A74C5 /* AppConfig.swift */,
			);
			path = Config;
			sourceTree = "<group>";
		};
		F8B33C3CE5ACE6847269D597 /* Features */ = {
			isa = PBXGroup;
			children = (
				518532D1750A9CDAC5C908D6 /* MainTabView.swift */,
				BC3F6CEA4A66393C70D55BA9 /* Chat */,
				C6AE000FBEBA04AD42B0AFF0 /* Crons */,
				7134256047F74F2F110F0519 /* Device */,
				B4B90710A0DA9354E3999980 /* Memory */,
				09AE5E129565AF46DEFF31FF /* Onboarding */,
				DB47D162E581F9BF0AB1C1A0 /* SessionList */,
				0829FF8F3EBA65C8917C4F3D /* Settings */,
				2D77362AE83697212DCECC01 /* Skills */,
			);
			path = Features;
			sourceTree = "<group>";
		};
/* End PBXGroup section */

/* Begin PBXNativeTarget section */
		D9F1FF796777E008A734FF20 /* DualAgentLiveActivityWidget */ = {
			isa = PBXNativeTarget;
			buildConfigurationList = E3A0925F289C34F9537E700B /* Build configuration list for PBXNativeTarget "DualAgentLiveActivityWidget" */;
			buildPhases = (
				E4F043542030B04EF736C4E2 /* Sources */,
			);
			buildRules = (
			);
			dependencies = (
			);
			name = DualAgentLiveActivityWidget;
			packageProductDependencies = (
			);
			productName = DualAgentLiveActivityWidget;
			productReference = 7B5FF762880F52E2799FBE33 /* DualAgentLiveActivityWidget.appex */;
			productType = "com.apple.product-type.app-extension";
		};
		DA28E85BBBC354A04D57C6D7 /* DualAgent */ = {
			isa = PBXNativeTarget;
			buildConfigurationList = 629B6363A681086FBA15C7C0 /* Build configuration list for PBXNativeTarget "DualAgent" */;
			buildPhases = (
				01CB4A0BA2A3EB21CB3BB04A /* Sources */,
				FB5F3D37A1DA663324429BFA /* Resources */,
				D3DD7A3F768148E98CEC532F /* Frameworks */,
				FBFBF1C9B17B271B323BF679 /* Embed Foundation Extensions */,
			);
			buildRules = (
			);
			dependencies = (
				C89B3BB5AD31E041D21FF8B0 /* PBXTargetDependency */,
			);
			name = DualAgent;
			packageProductDependencies = (
				4592AEF52B89AD61BBB12037 /* LDSwiftEventSource */,
				95765830AB027BDA53CE7743 /* MarkdownUI */,
				D6A87555F092CACFF5BBD0D7 /* Splash */,
				E206D7AF28D52A650D2318D1 /* Highlightr */,
				D7911B0FB754B6E892556FAB /* KeychainAccess */,
			);
			productName = DualAgent;
			productReference = FA54963C2A9EAB3A6E3B3C7E /* DualAgent.app */;
			productType = "com.apple.product-type.application";
		};
/* End PBXNativeTarget section */

/* Begin PBXProject section */
		5686A97D03076B692B748F5E /* Project object */ = {
			isa = PBXProject;
			attributes = {
				BuildIndependentTargetsInParallel = YES;
				LastUpgradeCheck = 1540;
				TargetAttributes = {
				};
			};
			buildConfigurationList = 0CD22CC5073D2DF1203015A2 /* Build configuration list for PBXProject "DualAgent" */;
			developmentRegion = en;
			hasScannedForEncodings = 0;
			knownRegions = (
				Base,
				en,
			);
			mainGroup = 98D21EB405DB10418BE47B9A;
			minimizedProjectReferenceProxies = 1;
			packageReferences = (
				7A0684B63DC35ECE98565D31 /* XCRemoteSwiftPackageReference "Highlightr" */,
				4F97892AB46BCB9829066B42 /* XCRemoteSwiftPackageReference "KeychainAccess" */,
				4D954E53502A11AB8881B2BE /* XCRemoteSwiftPackageReference "swift-eventsource" */,
				10CC419FA5A2A0C5A2737F27 /* XCRemoteSwiftPackageReference "Splash" */,
				77845C9EE00BFA31E4A80BB3 /* XCRemoteSwiftPackageReference "swift-markdown-ui" */,
			);
			preferredProjectObjectVersion = 77;
			productRefGroup = AAD66F916735B92C64CBBD02 /* Products */;
			projectDirPath = "";
			projectRoot = "";
			targets = (
				DA28E85BBBC354A04D57C6D7 /* DualAgent */,
				D9F1FF796777E008A734FF20 /* DualAgentLiveActivityWidget */,
			);
		};
/* End PBXProject section */

/* Begin PBXResourcesBuildPhase section */
		FB5F3D37A1DA663324429BFA /* Resources */ = {
			isa = PBXResourcesBuildPhase;
			buildActionMask = 2147483647;
			files = (
				F0820ACA2DC8AF6A556D13A9 /* CACHEDIR.TAG in Resources */,
				B9D260F345019140E4F995DC /* ci_check.sh in Resources */,
			);
			runOnlyForDeploymentPostprocessing = 0;
		};
/* End PBXResourcesBuildPhase section */

/* Begin PBXSourcesBuildPhase section */
		01CB4A0BA2A3EB21CB3BB04A /* Sources */ = {
			isa = PBXSourcesBuildPhase;
			buildActionMask = 2147483647;
			files = (
				ADF118B8C34590813D615253 /* APIClient.swift in Sources */,
				15765031E4A83C82173E16CC /* AgentLiveActivityManager.swift in Sources */,
				5B54B01C9C5F861A5914EC0D /* AgentRunActivityAttributes.swift in Sources */,
				FBE3A643C61E8D722A5D91C4 /* AppConfig.swift in Sources */,
				E8CFFF0BAC3A00D68E010236 /* AppSettings.swift in Sources */,
				E8B8BC38A1E04A3B596CA77C /* AppState.swift in Sources */,
				01BF0A1AEF032A1374C50EED /* AuthManager.swift in Sources */,
				F70505702AED1BA587BC29AE /* Backend.swift in Sources */,
				129D248D939FA8A6CBCB9DB3 /* CacheStore.swift in Sources */,
				A242C165A771CEFE788B33A4 /* ChatStream.swift in Sources */,
				CDAE8CB9E05C2D86B89E75AB /* ChatView.swift in Sources */,
				C100508F5098767DE316DE28 /* ChatViewModel.swift in Sources */,
				2AE4706BFD4B97A18BF40593 /* ComposerVoiceInputController.swift in Sources */,
				CF008A8E3A16EAEA1AB5B1F7 /* ConnectionState.swift in Sources */,
				0CCAFD897C331F3AE2C84C71 /* ConnectionStatePill.swift in Sources */,
				7D43ACE1A6ED5BB3044DD457 /* ConnectionStatusView.swift in Sources */,
				448E0D9F707783FF8379E45F /* CronsView.swift in Sources */,
				65DE916E12FE6C2F98B92FE2 /* DeviceControlsView.swift in Sources */,
				DD644892E29F392866DD804F /* DeviceControlsViewModel.swift in Sources */,
				22D8B96B2D7F0BA90EC436DA /* DualAgentApp.swift in Sources */,
				3FEBC8524F080F1FC467DEDB /* DualAgentDeepLink.swift in Sources */,
				0DCAA63EDD670DD121AE5010 /* Endpoints.swift in Sources */,
				C6F1ED624CD59D201B84F28D /* Haptic.swift in Sources */,
				C54747E19961841EB72C43AC /* HermesBackend.swift in Sources */,
				7D618225D9BC90C2F65DE7E3 /* KeychainStore.swift in Sources */,
				D1A5630FBE336BEC9EED7F22 /* MainTabView.swift in Sources */,
				46FE70BDBF8EABFB76C39046 /* MemoryView.swift in Sources */,
				6193DBEA773658A9023B8DF0 /* OnboardingView.swift in Sources */,
				47FCB98E9BC18963EBC3151F /* OnboardingViewModel.swift in Sources */,
				DDB79FB825148F37A5F9CD06 /* OpenClawBackend.swift in Sources */,
				725212454F2FFA03D1E7F2C4 /* OpenClawPairing.swift in Sources */,
				D2B577578B39DB278D7B9B89 /* OpenClawPairingKeychain.swift in Sources */,
				AB6579E2E6CEAB8F63FAD788 /* OpenClawQRScannerView.swift in Sources */,
				1A34F654306EC441C1AAA9B9 /* OpenClawRPC.swift in Sources */,
				76091F8131A811454677A565 /* RootView.swift in Sources */,
				854FC15936CD93A469DA4669 /* SSEClient.swift in Sources */,
				D0EC1ED506CB711545FA9C44 /* SessionListView.swift in Sources */,
				AE0CF98B32EE2219C6268672 /* SessionListViewModel.swift in Sources */,
				04298AE65B3F8B4476233FAA /* SettingsView.swift in Sources */,
				42AEAD7B00719D6C7F51497F /* SettingsViewModel.swift in Sources */,
				C63DDB6078F5FA61FCA73CF2 /* SkillsView.swift in Sources */,
				34E9773B8F949883601797D4 /* StreamingTextPacing.swift in Sources */,
				C6AADC4A196CEE2153F687F2 /* Theme.swift in Sources */,
				8C74143A204DA6D38F87398B /* UnifiedModels.swift in Sources */,
				636950BA9D8D5D274EC83D3B /* WSClient.swift in Sources */,
			);
			runOnlyForDeploymentPostprocessing = 0;
		};
		E4F043542030B04EF736C4E2 /* Sources */ = {
			isa = PBXSourcesBuildPhase;
			buildActionMask = 2147483647;
			files = (
				62DF8C135A5C3B23951762BA /* AgentRunActivityAttributes.swift in Sources */,
				9BD24E390D10DD70B7134D18 /* AgentRunLiveActivityWidget.swift in Sources */,
			);
			runOnlyForDeploymentPostprocessing = 0;
		};
/* End PBXSourcesBuildPhase section */

/* Begin PBXTargetDependency section */
		C89B3BB5AD31E041D21FF8B0 /* PBXTargetDependency */ = {
			isa = PBXTargetDependency;
			target = D9F1FF796777E008A734FF20 /* DualAgentLiveActivityWidget */;
			targetProxy = E2B56FFDD32127A55902FBA7 /* PBXContainerItemProxy */;
		};
/* End PBXTargetDependency section */

/* Begin XCBuildConfiguration section */
		607B8BACD48E2668A8EED13D /* Debug */ = {
			isa = XCBuildConfiguration;
			buildSettings = {
				ALWAYS_EMBED_SWIFT_STANDARD_LIBRARIES = YES;
				ASSETCATALOG_COMPILER_APPICON_NAME = AppIcon;
				CLANG_ENABLE_MODULES = YES;
				CODE_SIGNING_ALLOWED = NO;
				CODE_SIGNING_REQUIRED = NO;
				CODE_SIGN_IDENTITY = "";
				DEFINES_MODULE = YES;
				INFOPLIST_FILE = DualAgent/Resources/Info.plist;
				IPHONEOS_DEPLOYMENT_TARGET = 18.0;
				LD_RUNPATH_SEARCH_PATHS = (
					"$(inherited)",
					"@executable_path/Frameworks",
				);
				PRODUCT_BUNDLE_IDENTIFIER = com.duckets.DualAgent;
				SDKROOT = iphoneos;
				SWIFT_VERSION = 5.9;
				TARGETED_DEVICE_FAMILY = "1,2";
			};
			name = Debug;
		};
		78A0CBDA60B153EFBD95629A /* Debug */ = {
			isa = XCBuildConfiguration;
			buildSettings = {
				ALWAYS_SEARCH_USER_PATHS = NO;
				CLANG_ANALYZER_NONNULL = YES;
				CLANG_ANALYZER_NUMBER_OBJECT_CONVERSION = YES_AGGRESSIVE;
				CLANG_CXX_LANGUAGE_STANDARD = "gnu++14";
				CLANG_CXX_LIBRARY = "libc++";
				CLANG_ENABLE_MODULES = YES;
				CLANG_ENABLE_OBJC_ARC = YES;
				CLANG_ENABLE_OBJC_WEAK = YES;
				CLANG_WARN_BLOCK_CAPTURE_AUTORELEASING = YES;
				CLANG_WARN_BOOL_CONVERSION = YES;
				CLANG_WARN_COMMA = YES;
				CLANG_WARN_CONSTANT_CONVERSION = YES;
				CLANG_WARN_DEPRECATED_OBJC_IMPLEMENTATIONS = YES;
				CLANG_WARN_DIRECT_OBJC_ISA_USAGE = YES_ERROR;
				CLANG_WARN_DOCUMENTATION_COMMENTS = YES;
				CLANG_WARN_EMPTY_BODY = YES;
				CLANG_WARN_ENUM_CONVERSION = YES;
				CLANG_WARN_INFINITE_RECURSION = YES;
				CLANG_WARN_INT_CONVERSION = YES;
				CLANG_WARN_NON_LITERAL_NULL_CONVERSION = YES;
				CLANG_WARN_OBJC_IMPLICIT_RETAIN_SELF = YES;
				CLANG_WARN_OBJC_LITERAL_CONVERSION = YES;
				CLANG_WARN_OBJC_ROOT_CLASS = YES_ERROR;
				CLANG_WARN_QUOTED_INCLUDE_IN_FRAMEWORK_HEADER = YES;
				CLANG_WARN_RANGE_LOOP_ANALYSIS = YES;
				CLANG_WARN_STRICT_PROTOTYPES = YES;
				CLANG_WARN_SUSPICIOUS_MOVE = YES;
				CLANG_WARN_UNGUARDED_AVAILABILITY = YES_AGGRESSIVE;
				CLANG_WARN_UNREACHABLE_CODE = YES;
				CLANG_WARN__DUPLICATE_METHOD_MATCH = YES;
				COPY_PHASE_STRIP = NO;
				DEBUG_INFORMATION_FORMAT = dwarf;
				ENABLE_STRICT_OBJC_MSGSEND = YES;
				ENABLE_TESTABILITY = YES;
				GCC_C_LANGUAGE_STANDARD = gnu11;
				GCC_DYNAMIC_NO_PIC = NO;
				GCC_NO_COMMON_BLOCKS = YES;
				GCC_OPTIMIZATION_LEVEL = 0;
				GCC_PREPROCESSOR_DEFINITIONS = (
					"$(inherited)",
					"DEBUG=1",
				);
				GCC_WARN_64_TO_32_BIT_CONVERSION = YES;
				GCC_WARN_ABOUT_RETURN_TYPE = YES_ERROR;
				GCC_WARN_UNDECLARED_SELECTOR = YES;
				GCC_WARN_UNINITIALIZED_AUTOS = YES_AGGRESSIVE;
				GCC_WARN_UNUSED_FUNCTION = YES;
				GCC_WARN_UNUSED_VARIABLE = YES;
				MTL_ENABLE_DEBUG_INFO = INCLUDE_SOURCE;
				MTL_FAST_MATH = YES;
				ONLY_ACTIVE_ARCH = YES;
				PRODUCT_NAME = "$(TARGET_NAME)";
				SDKROOT = iphoneos;
				SWIFT_ACTIVE_COMPILATION_CONDITIONS = DEBUG;
				SWIFT_OPTIMIZATION_LEVEL = "-Onone";
				SWIFT_VERSION = 5.0;
				baseProductBundleIdentifier = com.duckets.DualAgent;
			};
			name = Debug;
		};
		8256FD64E306BA317E474667 /* Release */ = {
			isa = XCBuildConfiguration;
			buildSettings = {
				ALWAYS_SEARCH_USER_PATHS = NO;
				CLANG_ANALYZER_NONNULL = YES;
				CLANG_ANALYZER_NUMBER_OBJECT_CONVERSION = YES_AGGRESSIVE;
				CLANG_CXX_LANGUAGE_STANDARD = "gnu++14";
				CLANG_CXX_LIBRARY = "libc++";
				CLANG_ENABLE_MODULES = YES;
				CLANG_ENABLE_OBJC_ARC = YES;
				CLANG_ENABLE_OBJC_WEAK = YES;
				CLANG_WARN_BLOCK_CAPTURE_AUTORELEASING = YES;
				CLANG_WARN_BOOL_CONVERSION = YES;
				CLANG_WARN_COMMA = YES;
				CLANG_WARN_CONSTANT_CONVERSION = YES;
				CLANG_WARN_DEPRECATED_OBJC_IMPLEMENTATIONS = YES;
				CLANG_WARN_DIRECT_OBJC_ISA_USAGE = YES_ERROR;
				CLANG_WARN_DOCUMENTATION_COMMENTS = YES;
				CLANG_WARN_EMPTY_BODY = YES;
				CLANG_WARN_ENUM_CONVERSION = YES;
				CLANG_WARN_INFINITE_RECURSION = YES;
				CLANG_WARN_INT_CONVERSION = YES;
				CLANG_WARN_NON_LITERAL_NULL_CONVERSION = YES;
				CLANG_WARN_OBJC_IMPLICIT_RETAIN_SELF = YES;
				CLANG_WARN_OBJC_LITERAL_CONVERSION = YES;
				CLANG_WARN_OBJC_ROOT_CLASS = YES_ERROR;
				CLANG_WARN_QUOTED_INCLUDE_IN_FRAMEWORK_HEADER = YES;
				CLANG_WARN_RANGE_LOOP_ANALYSIS = YES;
				CLANG_WARN_STRICT_PROTOTYPES = YES;
				CLANG_WARN_SUSPICIOUS_MOVE = YES;
				CLANG_WARN_UNGUARDED_AVAILABILITY = YES_AGGRESSIVE;
				CLANG_WARN_UNREACHABLE_CODE = YES;
				CLANG_WARN__DUPLICATE_METHOD_MATCH = YES;
				COPY_PHASE_STRIP = NO;
				DEBUG_INFORMATION_FORMAT = "dwarf-with-dsym";
				ENABLE_NS_ASSERTIONS = NO;
				ENABLE_STRICT_OBJC_MSGSEND = YES;
				GCC_C_LANGUAGE_STANDARD = gnu11;
				GCC_NO_COMMON_BLOCKS = YES;
				GCC_WARN_64_TO_32_BIT_CONVERSION = YES;
				GCC_WARN_ABOUT_RETURN_TYPE = YES_ERROR;
				GCC_WARN_UNDECLARED_SELECTOR = YES;
				GCC_WARN_UNINITIALIZED_AUTOS = YES_AGGRESSIVE;
				GCC_WARN_UNUSED_FUNCTION = YES;
				GCC_WARN_UNUSED_VARIABLE = YES;
				MTL_ENABLE_DEBUG_INFO = NO;
				MTL_FAST_MATH = YES;
				PRODUCT_NAME = "$(TARGET_NAME)";
				SDKROOT = iphoneos;
				SWIFT_COMPILATION_MODE = wholemodule;
				SWIFT_OPTIMIZATION_LEVEL = "-O";
				SWIFT_VERSION = 5.0;
				baseProductBundleIdentifier = com.duckets.DualAgent;
			};
			name = Release;
		};
		94186F5A757481F1DA44E6D0 /* Release */ = {
			isa = XCBuildConfiguration;
			buildSettings = {
				ALWAYS_EMBED_SWIFT_STANDARD_LIBRARIES = YES;
				ASSETCATALOG_COMPILER_APPICON_NAME = AppIcon;
				CLANG_ENABLE_MODULES = YES;
				CODE_SIGNING_ALLOWED = NO;
				CODE_SIGNING_REQUIRED = NO;
				CODE_SIGN_IDENTITY = "";
				DEFINES_MODULE = YES;
				INFOPLIST_FILE = DualAgent/Resources/Info.plist;
				IPHONEOS_DEPLOYMENT_TARGET = 18.0;
				LD_RUNPATH_SEARCH_PATHS = (
					"$(inherited)",
					"@executable_path/Frameworks",
				);
				PRODUCT_BUNDLE_IDENTIFIER = com.duckets.DualAgent;
				SDKROOT = iphoneos;
				SWIFT_VERSION = 5.9;
				TARGETED_DEVICE_FAMILY = "1,2";
			};
			name = Release;
		};
		9E26CD7A91AEF6751BEE4602 /* Debug */ = {
			isa = XCBuildConfiguration;
			buildSettings = {
				CODE_SIGNING_ALLOWED = NO;
				CODE_SIGNING_REQUIRED = NO;
				CODE_SIGN_ENTITLEMENTS = DualAgentLiveActivityWidget/LiveActivityWidget.entitlements;
				CODE_SIGN_IDENTITY = "";
				INFOPLIST_FILE = DualAgentLiveActivityWidget/Info.plist;
				IPHONEOS_DEPLOYMENT_TARGET = 18.0;
				LD_RUNPATH_SEARCH_PATHS = (
					"$(inherited)",
					"@executable_path/Frameworks",
					"@executable_path/../../Frameworks",
				);
				PRODUCT_BUNDLE_IDENTIFIER = com.duckets.DualAgent.LiveActivityWidget;
				SDKROOT = iphoneos;
				SWIFT_VERSION = 5.9;
				TARGETED_DEVICE_FAMILY = "1,2";
			};
			name = Debug;
		};
		F79B8327BB0E5A7488D3E42D /* Release */ = {
			isa = XCBuildConfiguration;
			buildSettings = {
				CODE_SIGNING_ALLOWED = NO;
				CODE_SIGNING_REQUIRED = NO;
				CODE_SIGN_ENTITLEMENTS = DualAgentLiveActivityWidget/LiveActivityWidget.entitlements;
				CODE_SIGN_IDENTITY = "";
				INFOPLIST_FILE = DualAgentLiveActivityWidget/Info.plist;
				IPHONEOS_DEPLOYMENT_TARGET = 18.0;
				LD_RUNPATH_SEARCH_PATHS = (
					"$(inherited)",
					"@executable_path/Frameworks",
					"@executable_path/../../Frameworks",
				);
				PRODUCT_BUNDLE_IDENTIFIER = com.duckets.DualAgent.LiveActivityWidget;
				SDKROOT = iphoneos;
				SWIFT_VERSION = 5.9;
				TARGETED_DEVICE_FAMILY = "1,2";
			};
			name = Release;
		};
/* End XCBuildConfiguration section */

/* Begin XCConfigurationList section */
		0CD22CC5073D2DF1203015A2 /* Build configuration list for PBXProject "DualAgent" */ = {
			isa = XCConfigurationList;
			buildConfigurations = (
				78A0CBDA60B153EFBD95629A /* Debug */,
				8256FD64E306BA317E474667 /* Release */,
			);
			defaultConfigurationIsVisible = 0;
			defaultConfigurationName = Debug;
		};
		629B6363A681086FBA15C7C0 /* Build configuration list for PBXNativeTarget "DualAgent" */ = {
			isa = XCConfigurationList;
			buildConfigurations = (
				607B8BACD48E2668A8EED13D /* Debug */,
				94186F5A757481F1DA44E6D0 /* Release */,
			);
			defaultConfigurationIsVisible = 0;
			defaultConfigurationName = Debug;
		};
		E3A0925F289C34F9537E700B /* Build configuration list for PBXNativeTarget "DualAgentLiveActivityWidget" */ = {
			isa = XCConfigurationList;
			buildConfigurations = (
				9E26CD7A91AEF6751BEE4602 /* Debug */,
				F79B8327BB0E5A7488D3E42D /* Release */,
			);
			defaultConfigurationIsVisible = 0;
			defaultConfigurationName = Debug;
		};
/* End XCConfigurationList section */

/* Begin XCRemoteSwiftPackageReference section */
		10CC419FA5A2A0C5A2737F27 /* XCRemoteSwiftPackageReference "Splash" */ = {
			isa = XCRemoteSwiftPackageReference;
			repositoryURL = "https://github.com/JohnSundell/Splash";
			requirement = {
				kind = upToNextMajorVersion;
				minimumVersion = 0.11.0;
			};
		};
		4D954E53502A11AB8881B2BE /* XCRemoteSwiftPackageReference "swift-eventsource" */ = {
			isa = XCRemoteSwiftPackageReference;
			repositoryURL = "https://github.com/launchdarkly/swift-eventsource";
			requirement = {
				kind = upToNextMajorVersion;
				minimumVersion = 1.0.0;
			};
		};
		4F97892AB46BCB9829066B42 /* XCRemoteSwiftPackageReference "KeychainAccess" */ = {
			isa = XCRemoteSwiftPackageReference;
			repositoryURL = "https://github.com/kishikawakatsumi/KeychainAccess";
			requirement = {
				kind = upToNextMajorVersion;
				minimumVersion = 4.2.2;
			};
		};
		77845C9EE00BFA31E4A80BB3 /* XCRemoteSwiftPackageReference "swift-markdown-ui" */ = {
			isa = XCRemoteSwiftPackageReference;
			repositoryURL = "https://github.com/gonzalezreal/swift-markdown-ui";
			requirement = {
				kind = upToNextMajorVersion;
				minimumVersion = 2.0.0;
			};
		};
		7A0684B63DC35ECE98565D31 /* XCRemoteSwiftPackageReference "Highlightr" */ = {
			isa = XCRemoteSwiftPackageReference;
			repositoryURL = "https://github.com/raspu/Highlightr";
			requirement = {
				kind = upToNextMajorVersion;
				minimumVersion = 2.1.0;
			};
		};
/* End XCRemoteSwiftPackageReference section */

/* Begin XCSwiftPackageProductDependency section */
		4592AEF52B89AD61BBB12037 /* LDSwiftEventSource */ = {
			isa = XCSwiftPackageProductDependency;
			package = 4D954E53502A11AB8881B2BE /* XCRemoteSwiftPackageReference "swift-eventsource" */;
			productName = LDSwiftEventSource;
		};
		95765830AB027BDA53CE7743 /* MarkdownUI */ = {
			isa = XCSwiftPackageProductDependency;
			package = 77845C9EE00BFA31E4A80BB3 /* XCRemoteSwiftPackageReference "swift-markdown-ui" */;
			productName = MarkdownUI;
		};
		D6A87555F092CACFF5BBD0D7 /* Splash */ = {
			isa = XCSwiftPackageProductDependency;
			package = 10CC419FA5A2A0C5A2737F27 /* XCRemoteSwiftPackageReference "Splash" */;
			productName = Splash;
		};
		D7911B0FB754B6E892556FAB /* KeychainAccess */ = {
			isa = XCSwiftPackageProductDependency;
			package = 4F97892AB46BCB9829066B42 /* XCRemoteSwiftPackageReference "KeychainAccess" */;
			productName = KeychainAccess;
		};
		E206D7AF28D52A650D2318D1 /* Highlightr */ = {
			isa = XCSwiftPackageProductDependency;
			package = 7A0684B63DC35ECE98565D31 /* XCRemoteSwiftPackageReference "Highlightr" */;
			productName = Highlightr;
		};
/* End XCSwiftPackageProductDependency section */
	};
	rootObject = 5686A97D03076B692B748F5E /* Project object */;
}
